// !$*UTF8*$!
{
	archiveVersion = 1;
	classes = {
	};
	objectVersion = 46;
	objects = {

/* Begin PBXBuildFile section */
		8392007A18EE8E3300B6C429 /* GLKit.framework in Frameworks */ = {isa = PBXBuildFile; fileRef = 8392007918EE8E3300B6C429 /* GLKit.framework */; };
		B71F5911188484E7003F4D28 /* iPad-old.png in Resources */ = {isa = PBXBuildFile; fileRef = B71F5907188484E7003F4D28 /* iPad-old.png */; };
		B71F5912188484E7003F4D28 /* iPad-old@2x.png in Resources */ = {isa = PBXBuildFile; fileRef = B71F5908188484E7003F4D28 /* iPad-old@2x.png */; };
		B71F5913188484E7003F4D28 /* iPad.png in Resources */ = {isa = PBXBuildFile; fileRef = B71F5909188484E7003F4D28 /* iPad.png */; };
		B71F5914188484E7003F4D28 /* iPad@2x.png in Resources */ = {isa = PBXBuildFile; fileRef = B71F590A188484E7003F4D28 /* iPad@2x.png */; };
		B71F5915188484E7003F4D28 /* iPhone-old.png in Resources */ = {isa = PBXBuildFile; fileRef = B71F590B188484E7003F4D28 /* iPhone-old.png */; };
		B71F5916188484E7003F4D28 /* iPhone-old@2x.png in Resources */ = {isa = PBXBuildFile; fileRef = B71F590C188484E7003F4D28 /* iPhone-old@2x.png */; };
		B71F5917188484E7003F4D28 /* iPhone.png in Resources */ = {isa = PBXBuildFile; fileRef = B71F590D188484E7003F4D28 /* iPhone.png */; };
		B71F5918188484E7003F4D28 /* iPhone@2x.png in Resources */ = {isa = PBXBuildFile; fileRef = B71F590E188484E7003F4D28 /* iPhone@2x.png */; };
		B71F5919188484E7003F4D28 /* Settings.png in Resources */ = {isa = PBXBuildFile; fileRef = B71F590F188484E7003F4D28 /* Settings.png */; };
		B71F591A188484E7003F4D28 /* Settings@2x.png in Resources */ = {isa = PBXBuildFile; fileRef = B71F5910188484E7003F4D28 /* Settings@2x.png */; };
		B737893B180761570076A88C /* Published-iOS in Resources */ = {isa = PBXBuildFile; fileRef = B737893A180761570076A88C /* Published-iOS */; };
		B737893F1807617C0076A88C /* AppDelegate.m in Sources */ = {isa = PBXBuildFile; fileRef = B737893E1807617C0076A88C /* AppDelegate.m */; };
		B7378975180762440076A88C /* Default-568h@2x.png in Resources */ = {isa = PBXBuildFile; fileRef = B737896B180762440076A88C /* Default-568h@2x.png */; };
		B7378976180762440076A88C /* Default-Landscape~ipad.png in Resources */ = {isa = PBXBuildFile; fileRef = B737896C180762440076A88C /* Default-Landscape~ipad.png */; };
		B7378977180762440076A88C /* Default.png in Resources */ = {isa = PBXBuildFile; fileRef = B737896D180762440076A88C /* Default.png */; };
		B7378978180762440076A88C /* Default@2x.png in Resources */ = {isa = PBXBuildFile; fileRef = B737896E180762440076A88C /* Default@2x.png */; };
		B73789871807631A0076A88C /* main.m in Sources */ = {isa = PBXBuildFile; fileRef = B73789851807631A0076A88C /* main.m */; };
		B737898A1807642B0076A88C /* libcocos2d.a in Frameworks */ = {isa = PBXBuildFile; fileRef = B737894B180761A90076A88C /* libcocos2d.a */; };
		B7378994180767190076A88C /* MainScene.m in Sources */ = {isa = PBXBuildFile; fileRef = B7378993180767190076A88C /* MainScene.m */; };
		B77F1B3217B978D7009739AE /* QuartzCore.framework in Frameworks */ = {isa = PBXBuildFile; fileRef = B77F1B3117B978D7009739AE /* QuartzCore.framework */; };
		B77F1B3417B978D7009739AE /* OpenGLES.framework in Frameworks */ = {isa = PBXBuildFile; fileRef = B77F1B3317B978D7009739AE /* OpenGLES.framework */; };
		B77F1B3617B978D7009739AE /* OpenAL.framework in Frameworks */ = {isa = PBXBuildFile; fileRef = B77F1B3517B978D7009739AE /* OpenAL.framework */; };
		B77F1B3817B978D7009739AE /* AudioToolbox.framework in Frameworks */ = {isa = PBXBuildFile; fileRef = B77F1B3717B978D7009739AE /* AudioToolbox.framework */; };
		B77F1B3A17B978D7009739AE /* AVFoundation.framework in Frameworks */ = {isa = PBXBuildFile; fileRef = B77F1B3917B978D7009739AE /* AVFoundation.framework */; };
		B77F1B3C17B978D7009739AE /* UIKit.framework in Frameworks */ = {isa = PBXBuildFile; fileRef = B77F1B3B17B978D7009739AE /* UIKit.framework */; };
		B77F1B3E17B978D7009739AE /* Foundation.framework in Frameworks */ = {isa = PBXBuildFile; fileRef = B77F1B3D17B978D7009739AE /* Foundation.framework */; };
		B77F1B4017B978D7009739AE /* CoreGraphics.framework in Frameworks */ = {isa = PBXBuildFile; fileRef = B77F1B3F17B978D7009739AE /* CoreGraphics.framework */; };
		B77F1B4217B978D7009739AE /* CoreText.framework in Frameworks */ = {isa = PBXBuildFile; fileRef = B77F1B4117B978D7009739AE /* CoreText.framework */; };
		F11835D119B52F6200E0655B /* Username.m in Sources */ = {isa = PBXBuildFile; fileRef = F11835D019B52F6200E0655B /* Username.m */; };
		F1AEF74519B55A1B00197706 /* background.wav in Resources */ = {isa = PBXBuildFile; fileRef = F1AEF74419B55A1B00197706 /* background.wav */; };
		F1EC667319B14608000BF4BB /* GamePlay.m in Sources */ = {isa = PBXBuildFile; fileRef = F1EC667219B14608000BF4BB /* GamePlay.m */; };
		F1EC669119B23CEB000BF4BB /* libz.dylib in Frameworks */ = {isa = PBXBuildFile; fileRef = F1EC669019B23CEB000BF4BB /* libz.dylib */; };
		F1EC669319B23CF3000BF4BB /* MessageUI.framework in Frameworks */ = {isa = PBXBuildFile; fileRef = F1EC669219B23CF3000BF4BB /* MessageUI.framework */; };
		F1EC669519B23CFB000BF4BB /* Social.framework in Frameworks */ = {isa = PBXBuildFile; fileRef = F1EC669419B23CFB000BF4BB /* Social.framework */; settings = {ATTRIBUTES = (Weak, ); }; };
		F1EC669719B23D04000BF4BB /* StoreKit.framework in Frameworks */ = {isa = PBXBuildFile; fileRef = F1EC669619B23D03000BF4BB /* StoreKit.framework */; };
		F1EC669919B23D0A000BF4BB /* SystemConfiguration.framework in Frameworks */ = {isa = PBXBuildFile; fileRef = F1EC669819B23D0A000BF4BB /* SystemConfiguration.framework */; };
		F1EC669B19B23D1A000BF4BB /* Twitter.framework in Frameworks */ = {isa = PBXBuildFile; fileRef = F1EC669A19B23D1A000BF4BB /* Twitter.framework */; settings = {ATTRIBUTES = (Weak, ); }; };
		F1EC66E419B23D58000BF4BB /* mgwuSDK.framework in Frameworks */ = {isa = PBXBuildFile; fileRef = F1EC669D19B23D58000BF4BB /* mgwuSDK.framework */; };
		F1EC66E519B23D58000BF4BB /* aqua.png in Resources */ = {isa = PBXBuildFile; fileRef = F1EC669F19B23D58000BF4BB /* aqua.png */; };
		F1EC66E619B23D58000BF4BB /* bluechatbubble.png in Resources */ = {isa = PBXBuildFile; fileRef = F1EC66A019B23D58000BF4BB /* bluechatbubble.png */; };
		F1EC66E719B23D58000BF4BB /* CrossPromoViewController.nib in Resources */ = {isa = PBXBuildFile; fileRef = F1EC66A119B23D58000BF4BB /* CrossPromoViewController.nib */; };
		F1EC66E819B23D58000BF4BB /* FacebookIcon.png in Resources */ = {isa = PBXBuildFile; fileRef = F1EC66A219B23D58000BF4BB /* FacebookIcon.png */; };
		F1EC66E919B23D58000BF4BB /* fb_connect.png in Resources */ = {isa = PBXBuildFile; fileRef = F1EC66A319B23D58000BF4BB /* fb_connect.png */; };
		F1EC66EA19B23D58000BF4BB /* FBLoginButton.png in Resources */ = {isa = PBXBuildFile; fileRef = F1EC66A419B23D58000BF4BB /* FBLoginButton.png */; };
		F1EC66EB19B23D58000BF4BB /* FBLoginButton@2x.png in Resources */ = {isa = PBXBuildFile; fileRef = F1EC66A519B23D58000BF4BB /* FBLoginButton@2x.png */; };
		F1EC66EC19B23D58000BF4BB /* FBLoginButtonPressed.png in Resources */ = {isa = PBXBuildFile; fileRef = F1EC66A619B23D58000BF4BB /* FBLoginButtonPressed.png */; };
		F1EC66ED19B23D58000BF4BB /* FBLoginButtonPressed@2x.png in Resources */ = {isa = PBXBuildFile; fileRef = F1EC66A719B23D58000BF4BB /* FBLoginButtonPressed@2x.png */; };
		F1EC66EE19B23D58000BF4BB /* FBNoThanksButton.png in Resources */ = {isa = PBXBuildFile; fileRef = F1EC66A819B23D58000BF4BB /* FBNoThanksButton.png */; };
		F1EC66EF19B23D58000BF4BB /* FBNoThanksButton@2x.png in Resources */ = {isa = PBXBuildFile; fileRef = F1EC66A919B23D58000BF4BB /* FBNoThanksButton@2x.png */; };
		F1EC66F019B23D58000BF4BB /* FBNoThanksButtonPressed.png in Resources */ = {isa = PBXBuildFile; fileRef = F1EC66AA19B23D58000BF4BB /* FBNoThanksButtonPressed.png */; };
		F1EC66F119B23D58000BF4BB /* FBNoThanksButtonPressed@2x.png in Resources */ = {isa = PBXBuildFile; fileRef = F1EC66AB19B23D58000BF4BB /* FBNoThanksButtonPressed@2x.png */; };
		F1EC66F219B23D58000BF4BB /* green.png in Resources */ = {isa = PBXBuildFile; fileRef = F1EC66AC19B23D58000BF4BB /* green.png */; };
		F1EC66F319B23D58000BF4BB /* grey-background.png in Resources */ = {isa = PBXBuildFile; fileRef = F1EC66AD19B23D58000BF4BB /* grey-background.png */; };
		F1EC66F419B23D58000BF4BB /* hipmob.back.btn.png in Resources */ = {isa = PBXBuildFile; fileRef = F1EC66AE19B23D58000BF4BB /* hipmob.back.btn.png */; };
		F1EC66F519B23D58000BF4BB /* hipmob.send.png in Resources */ = {isa = PBXBuildFile; fileRef = F1EC66AF19B23D58000BF4BB /* hipmob.send.png */; };
		F1EC66F619B23D58000BF4BB /* hipmobsend_field.png in Resources */ = {isa = PBXBuildFile; fileRef = F1EC66B019B23D58000BF4BB /* hipmobsend_field.png */; };
		F1EC66F719B23D58000BF4BB /* hipmobsend_field@2x.png in Resources */ = {isa = PBXBuildFile; fileRef = F1EC66B119B23D58000BF4BB /* hipmobsend_field@2x.png */; };
		F1EC66F819B23D58000BF4BB /* mgwu-gk-notification.png in Resources */ = {isa = PBXBuildFile; fileRef = F1EC66B219B23D58000BF4BB /* mgwu-gk-notification.png */; };
		F1EC66F919B23D58000BF4BB /* mgwu-gk-notification@2x.png in Resources */ = {isa = PBXBuildFile; fileRef = F1EC66B319B23D58000BF4BB /* mgwu-gk-notification@2x.png */; };
		F1EC66FA19B23D58000BF4BB /* mgwu-m.png in Resources */ = {isa = PBXBuildFile; fileRef = F1EC66B419B23D58000BF4BB /* mgwu-m.png */; };
		F1EC66FB19B23D58000BF4BB /* mgwu-m@2x.png in Resources */ = {isa = PBXBuildFile; fileRef = F1EC66B519B23D58000BF4BB /* mgwu-m@2x.png */; };
		F1EC66FC19B23D58000BF4BB /* MGWUAboutFooter-Landscape-568h@2x~iphone.png in Resources */ = {isa = PBXBuildFile; fileRef = F1EC66B619B23D58000BF4BB /* MGWUAboutFooter-Landscape-568h@2x~iphone.png */; };
		F1EC66FD19B23D58000BF4BB /* MGWUAboutFooter-Landscape@2x~ipad.png in Resources */ = {isa = PBXBuildFile; fileRef = F1EC66B719B23D58000BF4BB /* MGWUAboutFooter-Landscape@2x~ipad.png */; };
		F1EC66FE19B23D58000BF4BB /* MGWUAboutFooter-Landscape@2x~iphone.png in Resources */ = {isa = PBXBuildFile; fileRef = F1EC66B819B23D58000BF4BB /* MGWUAboutFooter-Landscape@2x~iphone.png */; };
		F1EC66FF19B23D58000BF4BB /* MGWUAboutFooter-Landscape~ipad.png in Resources */ = {isa = PBXBuildFile; fileRef = F1EC66B919B23D58000BF4BB /* MGWUAboutFooter-Landscape~ipad.png */; };
		F1EC670019B23D58000BF4BB /* MGWUAboutFooter-Landscape~iphone.png in Resources */ = {isa = PBXBuildFile; fileRef = F1EC66BA19B23D58000BF4BB /* MGWUAboutFooter-Landscape~iphone.png */; };
		F1EC670119B23D58000BF4BB /* MGWUAboutFooter-Portrait@2x~ipad.png in Resources */ = {isa = PBXBuildFile; fileRef = F1EC66BB19B23D58000BF4BB /* MGWUAboutFooter-Portrait@2x~ipad.png */; };
		F1EC670219B23D58000BF4BB /* MGWUAboutFooter-Portrait@2x~iphone.png in Resources */ = {isa = PBXBuildFile; fileRef = F1EC66BC19B23D58000BF4BB /* MGWUAboutFooter-Portrait@2x~iphone.png */; };
		F1EC670319B23D58000BF4BB /* MGWUAboutFooter-Portrait~ipad.png in Resources */ = {isa = PBXBuildFile; fileRef = F1EC66BD19B23D58000BF4BB /* MGWUAboutFooter-Portrait~ipad.png */; };
		F1EC670419B23D58000BF4BB /* MGWUAboutFooter-Portrait~iphone.png in Resources */ = {isa = PBXBuildFile; fileRef = F1EC66BE19B23D58000BF4BB /* MGWUAboutFooter-Portrait~iphone.png */; };
		F1EC670519B23D58000BF4BB /* MGWUBackground-Landscape@2x~ipad.png in Resources */ = {isa = PBXBuildFile; fileRef = F1EC66BF19B23D58000BF4BB /* MGWUBackground-Landscape@2x~ipad.png */; };
		F1EC670619B23D58000BF4BB /* MGWUBackground-Landscape@2x~iphone.png in Resources */ = {isa = PBXBuildFile; fileRef = F1EC66C019B23D58000BF4BB /* MGWUBackground-Landscape@2x~iphone.png */; };
		F1EC670719B23D58000BF4BB /* MGWUBackground-Landscape~ipad.png in Resources */ = {isa = PBXBuildFile; fileRef = F1EC66C119B23D58000BF4BB /* MGWUBackground-Landscape~ipad.png */; };
		F1EC670819B23D58000BF4BB /* MGWUBackground-Landscape~iphone.png in Resources */ = {isa = PBXBuildFile; fileRef = F1EC66C219B23D58000BF4BB /* MGWUBackground-Landscape~iphone.png */; };
		F1EC670919B23D58000BF4BB /* MGWUBackground-Portrait@2x~ipad.png in Resources */ = {isa = PBXBuildFile; fileRef = F1EC66C319B23D58000BF4BB /* MGWUBackground-Portrait@2x~ipad.png */; };
		F1EC670A19B23D58000BF4BB /* MGWUBackground-Portrait@2x~iphone.png in Resources */ = {isa = PBXBuildFile; fileRef = F1EC66C419B23D58000BF4BB /* MGWUBackground-Portrait@2x~iphone.png */; };
		F1EC670B19B23D58000BF4BB /* MGWUBackground-Portrait~ipad.png in Resources */ = {isa = PBXBuildFile; fileRef = F1EC66C519B23D58000BF4BB /* MGWUBackground-Portrait~ipad.png */; };
		F1EC670C19B23D58000BF4BB /* MGWUBackground-Portrait~iphone.png in Resources */ = {isa = PBXBuildFile; fileRef = F1EC66C619B23D58000BF4BB /* MGWUBackground-Portrait~iphone.png */; };
		F1EC670D19B23D58000BF4BB /* MGWUBackgroundDark-Landscape@2x~ipad.png in Resources */ = {isa = PBXBuildFile; fileRef = F1EC66C719B23D58000BF4BB /* MGWUBackgroundDark-Landscape@2x~ipad.png */; };
		F1EC670E19B23D58000BF4BB /* MGWUBackgroundDark-Landscape@2x~iphone.png in Resources */ = {isa = PBXBuildFile; fileRef = F1EC66C819B23D58000BF4BB /* MGWUBackgroundDark-Landscape@2x~iphone.png */; };
		F1EC670F19B23D58000BF4BB /* MGWUBackgroundDark-Landscape~ipad.png in Resources */ = {isa = PBXBuildFile; fileRef = F1EC66C919B23D58000BF4BB /* MGWUBackgroundDark-Landscape~ipad.png */; };
		F1EC671019B23D58000BF4BB /* MGWUBackgroundDark-Landscape~iphone.png in Resources */ = {isa = PBXBuildFile; fileRef = F1EC66CA19B23D58000BF4BB /* MGWUBackgroundDark-Landscape~iphone.png */; };
		F1EC671119B23D58000BF4BB /* MGWUBackgroundDark-Portrait@2x~ipad.png in Resources */ = {isa = PBXBuildFile; fileRef = F1EC66CB19B23D58000BF4BB /* MGWUBackgroundDark-Portrait@2x~ipad.png */; };
		F1EC671219B23D58000BF4BB /* MGWUBackgroundDark-Portrait@2x~iphone.png in Resources */ = {isa = PBXBuildFile; fileRef = F1EC66CC19B23D58000BF4BB /* MGWUBackgroundDark-Portrait@2x~iphone.png */; };
		F1EC671319B23D58000BF4BB /* MGWUBackgroundDark-Portrait~ipad.png in Resources */ = {isa = PBXBuildFile; fileRef = F1EC66CD19B23D58000BF4BB /* MGWUBackgroundDark-Portrait~ipad.png */; };
		F1EC671419B23D58000BF4BB /* MGWUBackgroundDark-Portrait~iphone.png in Resources */ = {isa = PBXBuildFile; fileRef = F1EC66CE19B23D58000BF4BB /* MGWUBackgroundDark-Portrait~iphone.png */; };
		F1EC671519B23D58000BF4BB /* MGWUClose.png in Resources */ = {isa = PBXBuildFile; fileRef = F1EC66CF19B23D58000BF4BB /* MGWUClose.png */; };
		F1EC671619B23D58000BF4BB /* MGWUClose@2x.png in Resources */ = {isa = PBXBuildFile; fileRef = F1EC66D019B23D58000BF4BB /* MGWUClose@2x.png */; };
		F1EC671719B23D58000BF4BB /* MGWUFacebookLoginLandscape.nib in Resources */ = {isa = PBXBuildFile; fileRef = F1EC66D119B23D58000BF4BB /* MGWUFacebookLoginLandscape.nib */; };
		F1EC671819B23D58000BF4BB /* MGWUFacebookLoginLandscapeDark.nib in Resources */ = {isa = PBXBuildFile; fileRef = F1EC66D219B23D58000BF4BB /* MGWUFacebookLoginLandscapeDark.nib */; };
		F1EC671919B23D58000BF4BB /* MGWUFacebookLoginPortrait.nib in Resources */ = {isa = PBXBuildFile; fileRef = F1EC66D319B23D58000BF4BB /* MGWUFacebookLoginPortrait.nib */; };
		F1EC671A19B23D58000BF4BB /* MGWUFacebookLoginPortraitDark.nib in Resources */ = {isa = PBXBuildFile; fileRef = F1EC66D419B23D58000BF4BB /* MGWUFacebookLoginPortraitDark.nib */; };
		F1EC671B19B23D58000BF4BB /* mgwuLogo.png in Resources */ = {isa = PBXBuildFile; fileRef = F1EC66D519B23D58000BF4BB /* mgwuLogo.png */; };
		F1EC671C19B23D58000BF4BB /* mgwuLogo@2x.png in Resources */ = {isa = PBXBuildFile; fileRef = F1EC66D619B23D58000BF4BB /* mgwuLogo@2x.png */; };
		F1EC671D19B23D58000BF4BB /* mgwuLogoDark.png in Resources */ = {isa = PBXBuildFile; fileRef = F1EC66D719B23D58000BF4BB /* mgwuLogoDark.png */; };
		F1EC671E19B23D58000BF4BB /* mgwuLogoDark@2x.png in Resources */ = {isa = PBXBuildFile; fileRef = F1EC66D819B23D58000BF4BB /* mgwuLogoDark@2x.png */; };
		F1EC671F19B23D58000BF4BB /* mgwuPlaceholderIcon.png in Resources */ = {isa = PBXBuildFile; fileRef = F1EC66D919B23D58000BF4BB /* mgwuPlaceholderIcon.png */; };
		F1EC672019B23D58000BF4BB /* mgwuPlaceholderIcon@2x.png in Resources */ = {isa = PBXBuildFile; fileRef = F1EC66DA19B23D58000BF4BB /* mgwuPlaceholderIcon@2x.png */; };
		F1EC672119B23D58000BF4BB /* mgwuPlaceholderIconDark.png in Resources */ = {isa = PBXBuildFile; fileRef = F1EC66DB19B23D58000BF4BB /* mgwuPlaceholderIconDark.png */; };
		F1EC672219B23D58000BF4BB /* mgwuPlaceholderIconDark@2x.png in Resources */ = {isa = PBXBuildFile; fileRef = F1EC66DC19B23D58000BF4BB /* mgwuPlaceholderIconDark@2x.png */; };
		F1EC672319B23D58000BF4BB /* operator.available.png in Resources */ = {isa = PBXBuildFile; fileRef = F1EC66DD19B23D58000BF4BB /* operator.available.png */; };
		F1EC672419B23D58000BF4BB /* operator.connecting.png in Resources */ = {isa = PBXBuildFile; fileRef = F1EC66DE19B23D58000BF4BB /* operator.connecting.png */; };
		F1EC672519B23D58000BF4BB /* operator.unavailable.png in Resources */ = {isa = PBXBuildFile; fileRef = F1EC66DF19B23D58000BF4BB /* operator.unavailable.png */; };
		F1EC672619B23D58000BF4BB /* send-button-active.png in Resources */ = {isa = PBXBuildFile; fileRef = F1EC66E019B23D58000BF4BB /* send-button-active.png */; };
		F1EC672719B23D58000BF4BB /* send-button-inactive.png in Resources */ = {isa = PBXBuildFile; fileRef = F1EC66E119B23D58000BF4BB /* send-button-inactive.png */; };
		F1EC672819B23D58000BF4BB /* send-button-instate.png in Resources */ = {isa = PBXBuildFile; fileRef = F1EC66E219B23D58000BF4BB /* send-button-instate.png */; };
		F1EC672919B23D58000BF4BB /* send-field-landscape.png in Resources */ = {isa = PBXBuildFile; fileRef = F1EC66E319B23D58000BF4BB /* send-field-landscape.png */; };
		F1EC672C19B241FE000BF4BB /* Recap.m in Sources */ = {isa = PBXBuildFile; fileRef = F1EC672B19B241FE000BF4BB /* Recap.m */; };
		F1EC672F19B26103000BF4BB /* Leaderboard.m in Sources */ = {isa = PBXBuildFile; fileRef = F1EC672E19B26103000BF4BB /* Leaderboard.m */; };
		F1EC674619B41214000BF4BB /* break.wav in Resources */ = {isa = PBXBuildFile; fileRef = F1EC674519B41214000BF4BB /* break.wav */; };
		F1EC674E19B4182E000BF4BB /* assimilate.mp3 in Resources */ = {isa = PBXBuildFile; fileRef = F1EC674D19B4182E000BF4BB /* assimilate.mp3 */; };
		F1EC675019B418BF000BF4BB /* tap.wav in Resources */ = {isa = PBXBuildFile; fileRef = F1EC674F19B418BF000BF4BB /* tap.wav */; };
		F1EC675219B41B3F000BF4BB /* button.wav in Resources */ = {isa = PBXBuildFile; fileRef = F1EC675119B41B3F000BF4BB /* button.wav */; };
		F1EC675819B423E7000BF4BB /* highscore.mp3 in Resources */ = {isa = PBXBuildFile; fileRef = F1EC675719B423E7000BF4BB /* highscore.mp3 */; };
		F1EC675C19B425C6000BF4BB /* clap.wav in Resources */ = {isa = PBXBuildFile; fileRef = F1EC675B19B425C6000BF4BB /* clap.wav */; };
/* End PBXBuildFile section */

/* Begin PBXContainerItemProxy section */
		B737894A180761A90076A88C /* PBXContainerItemProxy */ = {
			isa = PBXContainerItemProxy;
			containerPortal = B7378940180761A80076A88C /* cocos2d-ios.xcodeproj */;
			proxyType = 2;
			remoteGlobalIDString = 5018F24D0DFDEAC400C013A5;
			remoteInfo = cocos2d;
		};
		B7378988180764180076A88C /* PBXContainerItemProxy */ = {
			isa = PBXContainerItemProxy;
			containerPortal = B7378940180761A80076A88C /* cocos2d-ios.xcodeproj */;
			proxyType = 1;
			remoteGlobalIDString = 5018F24C0DFDEAC400C013A5;
			remoteInfo = cocos2d;
		};
/* End PBXContainerItemProxy section */

/* Begin PBXFileReference section */
		8392007918EE8E3300B6C429 /* GLKit.framework */ = {isa = PBXFileReference; lastKnownFileType = wrapper.framework; name = GLKit.framework; path = System/Library/Frameworks/GLKit.framework; sourceTree = SDKROOT; };
		B71F5907188484E7003F4D28 /* iPad-old.png */ = {isa = PBXFileReference; lastKnownFileType = image.png; name = "iPad-old.png"; path = "Icons/iPad-old.png"; sourceTree = "<group>"; };
		B71F5908188484E7003F4D28 /* iPad-old@2x.png */ = {isa = PBXFileReference; lastKnownFileType = image.png; name = "iPad-old@2x.png"; path = "Icons/iPad-old@2x.png"; sourceTree = "<group>"; };
		B71F5909188484E7003F4D28 /* iPad.png */ = {isa = PBXFileReference; lastKnownFileType = image.png; name = iPad.png; path = Icons/iPad.png; sourceTree = "<group>"; };
		B71F590A188484E7003F4D28 /* iPad@2x.png */ = {isa = PBXFileReference; lastKnownFileType = image.png; name = "iPad@2x.png"; path = "Icons/iPad@2x.png"; sourceTree = "<group>"; };
		B71F590B188484E7003F4D28 /* iPhone-old.png */ = {isa = PBXFileReference; lastKnownFileType = image.png; name = "iPhone-old.png"; path = "Icons/iPhone-old.png"; sourceTree = "<group>"; };
		B71F590C188484E7003F4D28 /* iPhone-old@2x.png */ = {isa = PBXFileReference; lastKnownFileType = image.png; name = "iPhone-old@2x.png"; path = "Icons/iPhone-old@2x.png"; sourceTree = "<group>"; };
		B71F590D188484E7003F4D28 /* iPhone.png */ = {isa = PBXFileReference; lastKnownFileType = image.png; name = iPhone.png; path = Icons/iPhone.png; sourceTree = "<group>"; };
		B71F590E188484E7003F4D28 /* iPhone@2x.png */ = {isa = PBXFileReference; lastKnownFileType = image.png; name = "iPhone@2x.png"; path = "Icons/iPhone@2x.png"; sourceTree = "<group>"; };
		B71F590F188484E7003F4D28 /* Settings.png */ = {isa = PBXFileReference; lastKnownFileType = image.png; name = Settings.png; path = Icons/Settings.png; sourceTree = "<group>"; };
		B71F5910188484E7003F4D28 /* Settings@2x.png */ = {isa = PBXFileReference; lastKnownFileType = image.png; name = "Settings@2x.png"; path = "Icons/Settings@2x.png"; sourceTree = "<group>"; };
		B737893A180761570076A88C /* Published-iOS */ = {isa = PBXFileReference; lastKnownFileType = folder; name = "Published-iOS"; path = "Source/Resources/Published-iOS"; sourceTree = SOURCE_ROOT; };
		B737893D1807617C0076A88C /* AppDelegate.h */ = {isa = PBXFileReference; fileEncoding = 4; lastKnownFileType = sourcecode.c.h; name = AppDelegate.h; path = Source/AppDelegate.h; sourceTree = "<group>"; };
		B737893E1807617C0076A88C /* AppDelegate.m */ = {isa = PBXFileReference; fileEncoding = 4; lastKnownFileType = sourcecode.c.objc; name = AppDelegate.m; path = Source/AppDelegate.m; sourceTree = "<group>"; };
		B7378940180761A80076A88C /* cocos2d-ios.xcodeproj */ = {isa = PBXFileReference; lastKnownFileType = "wrapper.pb-project"; name = "cocos2d-ios.xcodeproj"; path = "Source/libs/cocos2d-iphone/cocos2d-ios.xcodeproj"; sourceTree = SOURCE_ROOT; };
		B737896B180762440076A88C /* Default-568h@2x.png */ = {isa = PBXFileReference; lastKnownFileType = image.png; name = "Default-568h@2x.png"; path = "Source/Resources/Default-568h@2x.png"; sourceTree = SOURCE_ROOT; };
		B737896C180762440076A88C /* Default-Landscape~ipad.png */ = {isa = PBXFileReference; lastKnownFileType = image.png; name = "Default-Landscape~ipad.png"; path = "Source/Resources/Default-Landscape~ipad.png"; sourceTree = SOURCE_ROOT; };
		B737896D180762440076A88C /* Default.png */ = {isa = PBXFileReference; lastKnownFileType = image.png; name = Default.png; path = Source/Resources/Default.png; sourceTree = SOURCE_ROOT; };
		B737896E180762440076A88C /* Default@2x.png */ = {isa = PBXFileReference; lastKnownFileType = image.png; name = "Default@2x.png"; path = "Source/Resources/Default@2x.png"; sourceTree = SOURCE_ROOT; };
		B73789851807631A0076A88C /* main.m */ = {isa = PBXFileReference; fileEncoding = 4; lastKnownFileType = sourcecode.c.objc; name = main.m; path = Source/main.m; sourceTree = SOURCE_ROOT; };
		B73789861807631A0076A88C /* Prefix.pch */ = {isa = PBXFileReference; fileEncoding = 4; lastKnownFileType = sourcecode.c.h; name = Prefix.pch; path = Source/Prefix.pch; sourceTree = SOURCE_ROOT; };
		B7378992180767190076A88C /* MainScene.h */ = {isa = PBXFileReference; fileEncoding = 4; lastKnownFileType = sourcecode.c.h; name = MainScene.h; path = Source/MainScene.h; sourceTree = "<group>"; };
		B7378993180767190076A88C /* MainScene.m */ = {isa = PBXFileReference; fileEncoding = 4; lastKnownFileType = sourcecode.c.objc; name = MainScene.m; path = Source/MainScene.m; sourceTree = "<group>"; };
		B77F1B2E17B978D7009739AE /* Assimilators.app */ = {isa = PBXFileReference; explicitFileType = wrapper.application; includeInIndex = 0; path = Assimilators.app; sourceTree = BUILT_PRODUCTS_DIR; };
		B77F1B3117B978D7009739AE /* QuartzCore.framework */ = {isa = PBXFileReference; lastKnownFileType = wrapper.framework; name = QuartzCore.framework; path = System/Library/Frameworks/QuartzCore.framework; sourceTree = SDKROOT; };
		B77F1B3317B978D7009739AE /* OpenGLES.framework */ = {isa = PBXFileReference; lastKnownFileType = wrapper.framework; name = OpenGLES.framework; path = System/Library/Frameworks/OpenGLES.framework; sourceTree = SDKROOT; };
		B77F1B3517B978D7009739AE /* OpenAL.framework */ = {isa = PBXFileReference; lastKnownFileType = wrapper.framework; name = OpenAL.framework; path = System/Library/Frameworks/OpenAL.framework; sourceTree = SDKROOT; };
		B77F1B3717B978D7009739AE /* AudioToolbox.framework */ = {isa = PBXFileReference; lastKnownFileType = wrapper.framework; name = AudioToolbox.framework; path = System/Library/Frameworks/AudioToolbox.framework; sourceTree = SDKROOT; };
		B77F1B3917B978D7009739AE /* AVFoundation.framework */ = {isa = PBXFileReference; lastKnownFileType = wrapper.framework; name = AVFoundation.framework; path = System/Library/Frameworks/AVFoundation.framework; sourceTree = SDKROOT; };
		B77F1B3B17B978D7009739AE /* UIKit.framework */ = {isa = PBXFileReference; lastKnownFileType = wrapper.framework; name = UIKit.framework; path = System/Library/Frameworks/UIKit.framework; sourceTree = SDKROOT; };
		B77F1B3D17B978D7009739AE /* Foundation.framework */ = {isa = PBXFileReference; lastKnownFileType = wrapper.framework; name = Foundation.framework; path = System/Library/Frameworks/Foundation.framework; sourceTree = SDKROOT; };
		B77F1B3F17B978D7009739AE /* CoreGraphics.framework */ = {isa = PBXFileReference; lastKnownFileType = wrapper.framework; name = CoreGraphics.framework; path = System/Library/Frameworks/CoreGraphics.framework; sourceTree = SDKROOT; };
		B77F1B4117B978D7009739AE /* CoreText.framework */ = {isa = PBXFileReference; lastKnownFileType = wrapper.framework; name = CoreText.framework; path = System/Library/Frameworks/CoreText.framework; sourceTree = SDKROOT; };
		B7B3713D180358F1007369CC /* libObjectiveChipmunk.a */ = {isa = PBXFileReference; lastKnownFileType = archive.ar; name = libObjectiveChipmunk.a; path = "../libs/cocos2d-iphone/external/Chipmunk/xcode/build/Debug-iphoneos/libObjectiveChipmunk.a"; sourceTree = "<group>"; };
		F11835CF19B52F6200E0655B /* Username.h */ = {isa = PBXFileReference; fileEncoding = 4; lastKnownFileType = sourcecode.c.h; path = Username.h; sourceTree = "<group>"; };
		F11835D019B52F6200E0655B /* Username.m */ = {isa = PBXFileReference; fileEncoding = 4; lastKnownFileType = sourcecode.c.objc; path = Username.m; sourceTree = "<group>"; };
		F1AEF74419B55A1B00197706 /* background.wav */ = {isa = PBXFileReference; lastKnownFileType = audio.wav; path = background.wav; sourceTree = "<group>"; };
		F1EC667119B14608000BF4BB /* GamePlay.h */ = {isa = PBXFileReference; fileEncoding = 4; lastKnownFileType = sourcecode.c.h; path = GamePlay.h; sourceTree = "<group>"; };
		F1EC667219B14608000BF4BB /* GamePlay.m */ = {isa = PBXFileReference; fileEncoding = 4; lastKnownFileType = sourcecode.c.objc; path = GamePlay.m; sourceTree = "<group>"; };
		F1EC669019B23CEB000BF4BB /* libz.dylib */ = {isa = PBXFileReference; lastKnownFileType = "compiled.mach-o.dylib"; name = libz.dylib; path = usr/lib/libz.dylib; sourceTree = SDKROOT; };
		F1EC669219B23CF3000BF4BB /* MessageUI.framework */ = {isa = PBXFileReference; lastKnownFileType = wrapper.framework; name = MessageUI.framework; path = System/Library/Frameworks/MessageUI.framework; sourceTree = SDKROOT; };
		F1EC669419B23CFB000BF4BB /* Social.framework */ = {isa = PBXFileReference; lastKnownFileType = wrapper.framework; name = Social.framework; path = System/Library/Frameworks/Social.framework; sourceTree = SDKROOT; };
		F1EC669619B23D03000BF4BB /* StoreKit.framework */ = {isa = PBXFileReference; lastKnownFileType = wrapper.framework; name = StoreKit.framework; path = System/Library/Frameworks/StoreKit.framework; sourceTree = SDKROOT; };
		F1EC669819B23D0A000BF4BB /* SystemConfiguration.framework */ = {isa = PBXFileReference; lastKnownFileType = wrapper.framework; name = SystemConfiguration.framework; path = System/Library/Frameworks/SystemConfiguration.framework; sourceTree = SDKROOT; };
		F1EC669A19B23D1A000BF4BB /* Twitter.framework */ = {isa = PBXFileReference; lastKnownFileType = wrapper.framework; name = Twitter.framework; path = System/Library/Frameworks/Twitter.framework; sourceTree = SDKROOT; };
		F1EC669D19B23D58000BF4BB /* mgwuSDK.framework */ = {isa = PBXFileReference; lastKnownFileType = wrapper.framework; path = mgwuSDK.framework; sourceTree = "<group>"; };
		F1EC669F19B23D58000BF4BB /* aqua.png */ = {isa = PBXFileReference; lastKnownFileType = image.png; path = aqua.png; sourceTree = "<group>"; };
		F1EC66A019B23D58000BF4BB /* bluechatbubble.png */ = {isa = PBXFileReference; lastKnownFileType = image.png; path = bluechatbubble.png; sourceTree = "<group>"; };
		F1EC66A119B23D58000BF4BB /* CrossPromoViewController.nib */ = {isa = PBXFileReference; lastKnownFileType = file.bplist; path = CrossPromoViewController.nib; sourceTree = "<group>"; };
		F1EC66A219B23D58000BF4BB /* FacebookIcon.png */ = {isa = PBXFileReference; lastKnownFileType = image.png; path = FacebookIcon.png; sourceTree = "<group>"; };
		F1EC66A319B23D58000BF4BB /* fb_connect.png */ = {isa = PBXFileReference; lastKnownFileType = image.png; path = fb_connect.png; sourceTree = "<group>"; };
		F1EC66A419B23D58000BF4BB /* FBLoginButton.png */ = {isa = PBXFileReference; lastKnownFileType = image.png; path = FBLoginButton.png; sourceTree = "<group>"; };
		F1EC66A519B23D58000BF4BB /* FBLoginButton@2x.png */ = {isa = PBXFileReference; lastKnownFileType = image.png; path = "FBLoginButton@2x.png"; sourceTree = "<group>"; };
		F1EC66A619B23D58000BF4BB /* FBLoginButtonPressed.png */ = {isa = PBXFileReference; lastKnownFileType = image.png; path = FBLoginButtonPressed.png; sourceTree = "<group>"; };
		F1EC66A719B23D58000BF4BB /* FBLoginButtonPressed@2x.png */ = {isa = PBXFileReference; lastKnownFileType = image.png; path = "FBLoginButtonPressed@2x.png"; sourceTree = "<group>"; };
		F1EC66A819B23D58000BF4BB /* FBNoThanksButton.png */ = {isa = PBXFileReference; lastKnownFileType = image.png; path = FBNoThanksButton.png; sourceTree = "<group>"; };
		F1EC66A919B23D58000BF4BB /* FBNoThanksButton@2x.png */ = {isa = PBXFileReference; lastKnownFileType = image.png; path = "FBNoThanksButton@2x.png"; sourceTree = "<group>"; };
		F1EC66AA19B23D58000BF4BB /* FBNoThanksButtonPressed.png */ = {isa = PBXFileReference; lastKnownFileType = image.png; path = FBNoThanksButtonPressed.png; sourceTree = "<group>"; };
		F1EC66AB19B23D58000BF4BB /* FBNoThanksButtonPressed@2x.png */ = {isa = PBXFileReference; lastKnownFileType = image.png; path = "FBNoThanksButtonPressed@2x.png"; sourceTree = "<group>"; };
		F1EC66AC19B23D58000BF4BB /* green.png */ = {isa = PBXFileReference; lastKnownFileType = image.png; path = green.png; sourceTree = "<group>"; };
		F1EC66AD19B23D58000BF4BB /* grey-background.png */ = {isa = PBXFileReference; lastKnownFileType = image.png; path = "grey-background.png"; sourceTree = "<group>"; };
		F1EC66AE19B23D58000BF4BB /* hipmob.back.btn.png */ = {isa = PBXFileReference; lastKnownFileType = image.png; path = hipmob.back.btn.png; sourceTree = "<group>"; };
		F1EC66AF19B23D58000BF4BB /* hipmob.send.png */ = {isa = PBXFileReference; lastKnownFileType = image.png; path = hipmob.send.png; sourceTree = "<group>"; };
		F1EC66B019B23D58000BF4BB /* hipmobsend_field.png */ = {isa = PBXFileReference; lastKnownFileType = image.png; path = hipmobsend_field.png; sourceTree = "<group>"; };
		F1EC66B119B23D58000BF4BB /* hipmobsend_field@2x.png */ = {isa = PBXFileReference; lastKnownFileType = image.png; path = "hipmobsend_field@2x.png"; sourceTree = "<group>"; };
		F1EC66B219B23D58000BF4BB /* mgwu-gk-notification.png */ = {isa = PBXFileReference; lastKnownFileType = image.png; path = "mgwu-gk-notification.png"; sourceTree = "<group>"; };
		F1EC66B319B23D58000BF4BB /* mgwu-gk-notification@2x.png */ = {isa = PBXFileReference; lastKnownFileType = image.png; path = "mgwu-gk-notification@2x.png"; sourceTree = "<group>"; };
		F1EC66B419B23D58000BF4BB /* mgwu-m.png */ = {isa = PBXFileReference; lastKnownFileType = image.png; path = "mgwu-m.png"; sourceTree = "<group>"; };
		F1EC66B519B23D58000BF4BB /* mgwu-m@2x.png */ = {isa = PBXFileReference; lastKnownFileType = image.png; path = "mgwu-m@2x.png"; sourceTree = "<group>"; };
		F1EC66B619B23D58000BF4BB /* MGWUAboutFooter-Landscape-568h@2x~iphone.png */ = {isa = PBXFileReference; lastKnownFileType = image.png; path = "MGWUAboutFooter-Landscape-568h@2x~iphone.png"; sourceTree = "<group>"; };
		F1EC66B719B23D58000BF4BB /* MGWUAboutFooter-Landscape@2x~ipad.png */ = {isa = PBXFileReference; lastKnownFileType = image.png; path = "MGWUAboutFooter-Landscape@2x~ipad.png"; sourceTree = "<group>"; };
		F1EC66B819B23D58000BF4BB /* MGWUAboutFooter-Landscape@2x~iphone.png */ = {isa = PBXFileReference; lastKnownFileType = image.png; path = "MGWUAboutFooter-Landscape@2x~iphone.png"; sourceTree = "<group>"; };
		F1EC66B919B23D58000BF4BB /* MGWUAboutFooter-Landscape~ipad.png */ = {isa = PBXFileReference; lastKnownFileType = image.png; path = "MGWUAboutFooter-Landscape~ipad.png"; sourceTree = "<group>"; };
		F1EC66BA19B23D58000BF4BB /* MGWUAboutFooter-Landscape~iphone.png */ = {isa = PBXFileReference; lastKnownFileType = image.png; path = "MGWUAboutFooter-Landscape~iphone.png"; sourceTree = "<group>"; };
		F1EC66BB19B23D58000BF4BB /* MGWUAboutFooter-Portrait@2x~ipad.png */ = {isa = PBXFileReference; lastKnownFileType = image.png; path = "MGWUAboutFooter-Portrait@2x~ipad.png"; sourceTree = "<group>"; };
		F1EC66BC19B23D58000BF4BB /* MGWUAboutFooter-Portrait@2x~iphone.png */ = {isa = PBXFileReference; lastKnownFileType = image.png; path = "MGWUAboutFooter-Portrait@2x~iphone.png"; sourceTree = "<group>"; };
		F1EC66BD19B23D58000BF4BB /* MGWUAboutFooter-Portrait~ipad.png */ = {isa = PBXFileReference; lastKnownFileType = image.png; path = "MGWUAboutFooter-Portrait~ipad.png"; sourceTree = "<group>"; };
		F1EC66BE19B23D58000BF4BB /* MGWUAboutFooter-Portrait~iphone.png */ = {isa = PBXFileReference; lastKnownFileType = image.png; path = "MGWUAboutFooter-Portrait~iphone.png"; sourceTree = "<group>"; };
		F1EC66BF19B23D58000BF4BB /* MGWUBackground-Landscape@2x~ipad.png */ = {isa = PBXFileReference; lastKnownFileType = image.png; path = "MGWUBackground-Landscape@2x~ipad.png"; sourceTree = "<group>"; };
		F1EC66C019B23D58000BF4BB /* MGWUBackground-Landscape@2x~iphone.png */ = {isa = PBXFileReference; lastKnownFileType = image.png; path = "MGWUBackground-Landscape@2x~iphone.png"; sourceTree = "<group>"; };
		F1EC66C119B23D58000BF4BB /* MGWUBackground-Landscape~ipad.png */ = {isa = PBXFileReference; lastKnownFileType = image.png; path = "MGWUBackground-Landscape~ipad.png"; sourceTree = "<group>"; };
		F1EC66C219B23D58000BF4BB /* MGWUBackground-Landscape~iphone.png */ = {isa = PBXFileReference; lastKnownFileType = image.png; path = "MGWUBackground-Landscape~iphone.png"; sourceTree = "<group>"; };
		F1EC66C319B23D58000BF4BB /* MGWUBackground-Portrait@2x~ipad.png */ = {isa = PBXFileReference; lastKnownFileType = image.png; path = "MGWUBackground-Portrait@2x~ipad.png"; sourceTree = "<group>"; };
		F1EC66C419B23D58000BF4BB /* MGWUBackground-Portrait@2x~iphone.png */ = {isa = PBXFileReference; lastKnownFileType = image.png; path = "MGWUBackground-Portrait@2x~iphone.png"; sourceTree = "<group>"; };
		F1EC66C519B23D58000BF4BB /* MGWUBackground-Portrait~ipad.png */ = {isa = PBXFileReference; lastKnownFileType = image.png; path = "MGWUBackground-Portrait~ipad.png"; sourceTree = "<group>"; };
		F1EC66C619B23D58000BF4BB /* MGWUBackground-Portrait~iphone.png */ = {isa = PBXFileReference; lastKnownFileType = image.png; path = "MGWUBackground-Portrait~iphone.png"; sourceTree = "<group>"; };
		F1EC66C719B23D58000BF4BB /* MGWUBackgroundDark-Landscape@2x~ipad.png */ = {isa = PBXFileReference; lastKnownFileType = image.png; path = "MGWUBackgroundDark-Landscape@2x~ipad.png"; sourceTree = "<group>"; };
		F1EC66C819B23D58000BF4BB /* MGWUBackgroundDark-Landscape@2x~iphone.png */ = {isa = PBXFileReference; lastKnownFileType = image.png; path = "MGWUBackgroundDark-Landscape@2x~iphone.png"; sourceTree = "<group>"; };
		F1EC66C919B23D58000BF4BB /* MGWUBackgroundDark-Landscape~ipad.png */ = {isa = PBXFileReference; lastKnownFileType = image.png; path = "MGWUBackgroundDark-Landscape~ipad.png"; sourceTree = "<group>"; };
		F1EC66CA19B23D58000BF4BB /* MGWUBackgroundDark-Landscape~iphone.png */ = {isa = PBXFileReference; lastKnownFileType = image.png; path = "MGWUBackgroundDark-Landscape~iphone.png"; sourceTree = "<group>"; };
		F1EC66CB19B23D58000BF4BB /* MGWUBackgroundDark-Portrait@2x~ipad.png */ = {isa = PBXFileReference; lastKnownFileType = image.png; path = "MGWUBackgroundDark-Portrait@2x~ipad.png"; sourceTree = "<group>"; };
		F1EC66CC19B23D58000BF4BB /* MGWUBackgroundDark-Portrait@2x~iphone.png */ = {isa = PBXFileReference; lastKnownFileType = image.png; path = "MGWUBackgroundDark-Portrait@2x~iphone.png"; sourceTree = "<group>"; };
		F1EC66CD19B23D58000BF4BB /* MGWUBackgroundDark-Portrait~ipad.png */ = {isa = PBXFileReference; lastKnownFileType = image.png; path = "MGWUBackgroundDark-Portrait~ipad.png"; sourceTree = "<group>"; };
		F1EC66CE19B23D58000BF4BB /* MGWUBackgroundDark-Portrait~iphone.png */ = {isa = PBXFileReference; lastKnownFileType = image.png; path = "MGWUBackgroundDark-Portrait~iphone.png"; sourceTree = "<group>"; };
		F1EC66CF19B23D58000BF4BB /* MGWUClose.png */ = {isa = PBXFileReference; lastKnownFileType = image.png; path = MGWUClose.png; sourceTree = "<group>"; };
		F1EC66D019B23D58000BF4BB /* MGWUClose@2x.png */ = {isa = PBXFileReference; lastKnownFileType = image.png; path = "MGWUClose@2x.png"; sourceTree = "<group>"; };
		F1EC66D119B23D58000BF4BB /* MGWUFacebookLoginLandscape.nib */ = {isa = PBXFileReference; lastKnownFileType = file.bplist; path = MGWUFacebookLoginLandscape.nib; sourceTree = "<group>"; };
		F1EC66D219B23D58000BF4BB /* MGWUFacebookLoginLandscapeDark.nib */ = {isa = PBXFileReference; lastKnownFileType = file.bplist; path = MGWUFacebookLoginLandscapeDark.nib; sourceTree = "<group>"; };
		F1EC66D319B23D58000BF4BB /* MGWUFacebookLoginPortrait.nib */ = {isa = PBXFileReference; lastKnownFileType = file.bplist; path = MGWUFacebookLoginPortrait.nib; sourceTree = "<group>"; };
		F1EC66D419B23D58000BF4BB /* MGWUFacebookLoginPortraitDark.nib */ = {isa = PBXFileReference; lastKnownFileType = file.bplist; path = MGWUFacebookLoginPortraitDark.nib; sourceTree = "<group>"; };
		F1EC66D519B23D58000BF4BB /* mgwuLogo.png */ = {isa = PBXFileReference; lastKnownFileType = image.png; path = mgwuLogo.png; sourceTree = "<group>"; };
		F1EC66D619B23D58000BF4BB /* mgwuLogo@2x.png */ = {isa = PBXFileReference; lastKnownFileType = image.png; path = "mgwuLogo@2x.png"; sourceTree = "<group>"; };
		F1EC66D719B23D58000BF4BB /* mgwuLogoDark.png */ = {isa = PBXFileReference; lastKnownFileType = image.png; path = mgwuLogoDark.png; sourceTree = "<group>"; };
		F1EC66D819B23D58000BF4BB /* mgwuLogoDark@2x.png */ = {isa = PBXFileReference; lastKnownFileType = image.png; path = "mgwuLogoDark@2x.png"; sourceTree = "<group>"; };
		F1EC66D919B23D58000BF4BB /* mgwuPlaceholderIcon.png */ = {isa = PBXFileReference; lastKnownFileType = image.png; path = mgwuPlaceholderIcon.png; sourceTree = "<group>"; };
		F1EC66DA19B23D58000BF4BB /* mgwuPlaceholderIcon@2x.png */ = {isa = PBXFileReference; lastKnownFileType = image.png; path = "mgwuPlaceholderIcon@2x.png"; sourceTree = "<group>"; };
		F1EC66DB19B23D58000BF4BB /* mgwuPlaceholderIconDark.png */ = {isa = PBXFileReference; lastKnownFileType = image.png; path = mgwuPlaceholderIconDark.png; sourceTree = "<group>"; };
		F1EC66DC19B23D58000BF4BB /* mgwuPlaceholderIconDark@2x.png */ = {isa = PBXFileReference; lastKnownFileType = image.png; path = "mgwuPlaceholderIconDark@2x.png"; sourceTree = "<group>"; };
		F1EC66DD19B23D58000BF4BB /* operator.available.png */ = {isa = PBXFileReference; lastKnownFileType = image.png; path = operator.available.png; sourceTree = "<group>"; };
		F1EC66DE19B23D58000BF4BB /* operator.connecting.png */ = {isa = PBXFileReference; lastKnownFileType = image.png; path = operator.connecting.png; sourceTree = "<group>"; };
		F1EC66DF19B23D58000BF4BB /* operator.unavailable.png */ = {isa = PBXFileReference; lastKnownFileType = image.png; path = operator.unavailable.png; sourceTree = "<group>"; };
		F1EC66E019B23D58000BF4BB /* send-button-active.png */ = {isa = PBXFileReference; lastKnownFileType = image.png; path = "send-button-active.png"; sourceTree = "<group>"; };
		F1EC66E119B23D58000BF4BB /* send-button-inactive.png */ = {isa = PBXFileReference; lastKnownFileType = image.png; path = "send-button-inactive.png"; sourceTree = "<group>"; };
		F1EC66E219B23D58000BF4BB /* send-button-instate.png */ = {isa = PBXFileReference; lastKnownFileType = image.png; path = "send-button-instate.png"; sourceTree = "<group>"; };
		F1EC66E319B23D58000BF4BB /* send-field-landscape.png */ = {isa = PBXFileReference; lastKnownFileType = image.png; path = "send-field-landscape.png"; sourceTree = "<group>"; };
		F1EC672A19B241FE000BF4BB /* Recap.h */ = {isa = PBXFileReference; fileEncoding = 4; lastKnownFileType = sourcecode.c.h; path = Recap.h; sourceTree = "<group>"; };
		F1EC672B19B241FE000BF4BB /* Recap.m */ = {isa = PBXFileReference; fileEncoding = 4; lastKnownFileType = sourcecode.c.objc; path = Recap.m; sourceTree = "<group>"; };
		F1EC672D19B26103000BF4BB /* Leaderboard.h */ = {isa = PBXFileReference; fileEncoding = 4; lastKnownFileType = sourcecode.c.h; path = Leaderboard.h; sourceTree = "<group>"; };
		F1EC672E19B26103000BF4BB /* Leaderboard.m */ = {isa = PBXFileReference; fileEncoding = 4; lastKnownFileType = sourcecode.c.objc; path = Leaderboard.m; sourceTree = "<group>"; };
		F1EC674519B41214000BF4BB /* break.wav */ = {isa = PBXFileReference; lastKnownFileType = audio.wav; path = break.wav; sourceTree = "<group>"; };
		F1EC674D19B4182E000BF4BB /* assimilate.mp3 */ = {isa = PBXFileReference; lastKnownFileType = audio.mp3; path = assimilate.mp3; sourceTree = "<group>"; };
		F1EC674F19B418BF000BF4BB /* tap.wav */ = {isa = PBXFileReference; lastKnownFileType = audio.wav; path = tap.wav; sourceTree = "<group>"; };
		F1EC675119B41B3F000BF4BB /* button.wav */ = {isa = PBXFileReference; lastKnownFileType = audio.wav; path = button.wav; sourceTree = "<group>"; };
		F1EC675719B423E7000BF4BB /* highscore.mp3 */ = {isa = PBXFileReference; lastKnownFileType = audio.mp3; path = highscore.mp3; sourceTree = "<group>"; };
		F1EC675B19B425C6000BF4BB /* clap.wav */ = {isa = PBXFileReference; lastKnownFileType = audio.wav; path = clap.wav; sourceTree = "<group>"; };
/* End PBXFileReference section */

/* Begin PBXFrameworksBuildPhase section */
		B77F1B2B17B978D7009739AE /* Frameworks */ = {
			isa = PBXFrameworksBuildPhase;
			buildActionMask = 2147483647;
			files = (
				F1EC669B19B23D1A000BF4BB /* Twitter.framework in Frameworks */,
				F1EC669919B23D0A000BF4BB /* SystemConfiguration.framework in Frameworks */,
				F1EC669719B23D04000BF4BB /* StoreKit.framework in Frameworks */,
				F1EC669519B23CFB000BF4BB /* Social.framework in Frameworks */,
				F1EC669319B23CF3000BF4BB /* MessageUI.framework in Frameworks */,
				F1EC66E419B23D58000BF4BB /* mgwuSDK.framework in Frameworks */,
				F1EC669119B23CEB000BF4BB /* libz.dylib in Frameworks */,
				B77F1B3817B978D7009739AE /* AudioToolbox.framework in Frameworks */,
				8392007A18EE8E3300B6C429 /* GLKit.framework in Frameworks */,
				B737898A1807642B0076A88C /* libcocos2d.a in Frameworks */,
				B77F1B3217B978D7009739AE /* QuartzCore.framework in Frameworks */,
				B77F1B3417B978D7009739AE /* OpenGLES.framework in Frameworks */,
				B77F1B3617B978D7009739AE /* OpenAL.framework in Frameworks */,
				B77F1B3A17B978D7009739AE /* AVFoundation.framework in Frameworks */,
				B77F1B3C17B978D7009739AE /* UIKit.framework in Frameworks */,
				B77F1B3E17B978D7009739AE /* Foundation.framework in Frameworks */,
				B77F1B4017B978D7009739AE /* CoreGraphics.framework in Frameworks */,
				B77F1B4217B978D7009739AE /* CoreText.framework in Frameworks */,
			);
			runOnlyForDeploymentPostprocessing = 0;
		};
/* End PBXFrameworksBuildPhase section */

/* Begin PBXGroup section */
		9222E2B918734FF800A246C7 /* libs */ = {
			isa = PBXGroup;
			children = (
				B7378940180761A80076A88C /* cocos2d-ios.xcodeproj */,
			);
			name = libs;
			sourceTree = "<group>";
		};
		B737893C1807616C0076A88C /* Source */ = {
			isa = PBXGroup;
			children = (
				B737893D1807617C0076A88C /* AppDelegate.h */,
				B737893E1807617C0076A88C /* AppDelegate.m */,
				B7378992180767190076A88C /* MainScene.h */,
				B7378993180767190076A88C /* MainScene.m */,
				F1EC667119B14608000BF4BB /* GamePlay.h */,
				F1EC667219B14608000BF4BB /* GamePlay.m */,
				F1EC672A19B241FE000BF4BB /* Recap.h */,
				F1EC672B19B241FE000BF4BB /* Recap.m */,
				F1EC672D19B26103000BF4BB /* Leaderboard.h */,
				F1EC672E19B26103000BF4BB /* Leaderboard.m */,
				F11835CF19B52F6200E0655B /* Username.h */,
				F11835D019B52F6200E0655B /* Username.m */,
			);
			name = Source;
			sourceTree = "<group>";
		};
		B7378941180761A80076A88C /* Products */ = {
			isa = PBXGroup;
			children = (
				B737894B180761A90076A88C /* libcocos2d.a */,
			);
			name = Products;
			sourceTree = "<group>";
		};
		B73789911807667A0076A88C /* Icons */ = {
			isa = PBXGroup;
			children = (
				B71F5907188484E7003F4D28 /* iPad-old.png */,
				B71F5908188484E7003F4D28 /* iPad-old@2x.png */,
				B71F5909188484E7003F4D28 /* iPad.png */,
				B71F590A188484E7003F4D28 /* iPad@2x.png */,
				B71F590B188484E7003F4D28 /* iPhone-old.png */,
				B71F590C188484E7003F4D28 /* iPhone-old@2x.png */,
				B71F590D188484E7003F4D28 /* iPhone.png */,
				B71F590E188484E7003F4D28 /* iPhone@2x.png */,
				B71F590F188484E7003F4D28 /* Settings.png */,
				B71F5910188484E7003F4D28 /* Settings@2x.png */,
				B737896B180762440076A88C /* Default-568h@2x.png */,
				B737896C180762440076A88C /* Default-Landscape~ipad.png */,
				B737896D180762440076A88C /* Default.png */,
				B737896E180762440076A88C /* Default@2x.png */,
			);
			name = Icons;
			sourceTree = "<group>";
		};
		B77F1B2517B978D7009739AE = {
			isa = PBXGroup;
			children = (
				B737893C1807616C0076A88C /* Source */,
				B77F1B4617B978D7009739AE /* Resources */,
				9222E2B918734FF800A246C7 /* libs */,
				B77F1CCF17B978D8009739AE /* Supporting Files */,
				B77F1B3017B978D7009739AE /* Frameworks */,
				B77F1B2F17B978D7009739AE /* Products */,
			);
			sourceTree = "<group>";
		};
		B77F1B2F17B978D7009739AE /* Products */ = {
			isa = PBXGroup;
			children = (
				B77F1B2E17B978D7009739AE /* Assimilators.app */,
			);
			name = Products;
			sourceTree = "<group>";
		};
		B77F1B3017B978D7009739AE /* Frameworks */ = {
			isa = PBXGroup;
			children = (
				F1EC669C19B23D58000BF4BB /* mgwuSDK.embeddedframework */,
				F1EC669A19B23D1A000BF4BB /* Twitter.framework */,
				F1EC669819B23D0A000BF4BB /* SystemConfiguration.framework */,
				F1EC669619B23D03000BF4BB /* StoreKit.framework */,
				F1EC669419B23CFB000BF4BB /* Social.framework */,
				F1EC669219B23CF3000BF4BB /* MessageUI.framework */,
				F1EC669019B23CEB000BF4BB /* libz.dylib */,
				8392007918EE8E3300B6C429 /* GLKit.framework */,
				B7B3713D180358F1007369CC /* libObjectiveChipmunk.a */,
				B77F1B3117B978D7009739AE /* QuartzCore.framework */,
				B77F1B3317B978D7009739AE /* OpenGLES.framework */,
				B77F1B3517B978D7009739AE /* OpenAL.framework */,
				B77F1B3717B978D7009739AE /* AudioToolbox.framework */,
				B77F1B3917B978D7009739AE /* AVFoundation.framework */,
				B77F1B3B17B978D7009739AE /* UIKit.framework */,
				B77F1B3D17B978D7009739AE /* Foundation.framework */,
				B77F1B3F17B978D7009739AE /* CoreGraphics.framework */,
				B77F1B4117B978D7009739AE /* CoreText.framework */,
			);
			name = Frameworks;
			sourceTree = "<group>";
		};
		B77F1B4617B978D7009739AE /* Resources */ = {
			isa = PBXGroup;
			children = (
				F1AEF74419B55A1B00197706 /* background.wav */,
				F1EC675B19B425C6000BF4BB /* clap.wav */,
				F1EC675719B423E7000BF4BB /* highscore.mp3 */,
				F1EC675119B41B3F000BF4BB /* button.wav */,
				F1EC674F19B418BF000BF4BB /* tap.wav */,
				F1EC674D19B4182E000BF4BB /* assimilate.mp3 */,
				F1EC674519B41214000BF4BB /* break.wav */,
				B73789911807667A0076A88C /* Icons */,
				B737893A180761570076A88C /* Published-iOS */,
			);
			name = Resources;
			path = Source/Resources;
			sourceTree = "<group>";
		};
		B77F1CCF17B978D8009739AE /* Supporting Files */ = {
			isa = PBXGroup;
			children = (
				B73789851807631A0076A88C /* main.m */,
				B73789861807631A0076A88C /* Prefix.pch */,
			);
			name = "Supporting Files";
			sourceTree = "<group>";
		};
		F1EC669C19B23D58000BF4BB /* mgwuSDK.embeddedframework */ = {
			isa = PBXGroup;
			children = (
				F1EC669D19B23D58000BF4BB /* mgwuSDK.framework */,
				F1EC669E19B23D58000BF4BB /* Resources */,
			);
			path = mgwuSDK.embeddedframework;
			sourceTree = "<group>";
		};
		F1EC669E19B23D58000BF4BB /* Resources */ = {
			isa = PBXGroup;
			children = (
				F1EC669F19B23D58000BF4BB /* aqua.png */,
				F1EC66A019B23D58000BF4BB /* bluechatbubble.png */,
				F1EC66A119B23D58000BF4BB /* CrossPromoViewController.nib */,
				F1EC66A219B23D58000BF4BB /* FacebookIcon.png */,
				F1EC66A319B23D58000BF4BB /* fb_connect.png */,
				F1EC66A419B23D58000BF4BB /* FBLoginButton.png */,
				F1EC66A519B23D58000BF4BB /* FBLoginButton@2x.png */,
				F1EC66A619B23D58000BF4BB /* FBLoginButtonPressed.png */,
				F1EC66A719B23D58000BF4BB /* FBLoginButtonPressed@2x.png */,
				F1EC66A819B23D58000BF4BB /* FBNoThanksButton.png */,
				F1EC66A919B23D58000BF4BB /* FBNoThanksButton@2x.png */,
				F1EC66AA19B23D58000BF4BB /* FBNoThanksButtonPressed.png */,
				F1EC66AB19B23D58000BF4BB /* FBNoThanksButtonPressed@2x.png */,
				F1EC66AC19B23D58000BF4BB /* green.png */,
				F1EC66AD19B23D58000BF4BB /* grey-background.png */,
				F1EC66AE19B23D58000BF4BB /* hipmob.back.btn.png */,
				F1EC66AF19B23D58000BF4BB /* hipmob.send.png */,
				F1EC66B019B23D58000BF4BB /* hipmobsend_field.png */,
				F1EC66B119B23D58000BF4BB /* hipmobsend_field@2x.png */,
				F1EC66B219B23D58000BF4BB /* mgwu-gk-notification.png */,
				F1EC66B319B23D58000BF4BB /* mgwu-gk-notification@2x.png */,
				F1EC66B419B23D58000BF4BB /* mgwu-m.png */,
				F1EC66B519B23D58000BF4BB /* mgwu-m@2x.png */,
				F1EC66B619B23D58000BF4BB /* MGWUAboutFooter-Landscape-568h@2x~iphone.png */,
				F1EC66B719B23D58000BF4BB /* MGWUAboutFooter-Landscape@2x~ipad.png */,
				F1EC66B819B23D58000BF4BB /* MGWUAboutFooter-Landscape@2x~iphone.png */,
				F1EC66B919B23D58000BF4BB /* MGWUAboutFooter-Landscape~ipad.png */,
				F1EC66BA19B23D58000BF4BB /* MGWUAboutFooter-Landscape~iphone.png */,
				F1EC66BB19B23D58000BF4BB /* MGWUAboutFooter-Portrait@2x~ipad.png */,
				F1EC66BC19B23D58000BF4BB /* MGWUAboutFooter-Portrait@2x~iphone.png */,
				F1EC66BD19B23D58000BF4BB /* MGWUAboutFooter-Portrait~ipad.png */,
				F1EC66BE19B23D58000BF4BB /* MGWUAboutFooter-Portrait~iphone.png */,
				F1EC66BF19B23D58000BF4BB /* MGWUBackground-Landscape@2x~ipad.png */,
				F1EC66C019B23D58000BF4BB /* MGWUBackground-Landscape@2x~iphone.png */,
				F1EC66C119B23D58000BF4BB /* MGWUBackground-Landscape~ipad.png */,
				F1EC66C219B23D58000BF4BB /* MGWUBackground-Landscape~iphone.png */,
				F1EC66C319B23D58000BF4BB /* MGWUBackground-Portrait@2x~ipad.png */,
				F1EC66C419B23D58000BF4BB /* MGWUBackground-Portrait@2x~iphone.png */,
				F1EC66C519B23D58000BF4BB /* MGWUBackground-Portrait~ipad.png */,
				F1EC66C619B23D58000BF4BB /* MGWUBackground-Portrait~iphone.png */,
				F1EC66C719B23D58000BF4BB /* MGWUBackgroundDark-Landscape@2x~ipad.png */,
				F1EC66C819B23D58000BF4BB /* MGWUBackgroundDark-Landscape@2x~iphone.png */,
				F1EC66C919B23D58000BF4BB /* MGWUBackgroundDark-Landscape~ipad.png */,
				F1EC66CA19B23D58000BF4BB /* MGWUBackgroundDark-Landscape~iphone.png */,
				F1EC66CB19B23D58000BF4BB /* MGWUBackgroundDark-Portrait@2x~ipad.png */,
				F1EC66CC19B23D58000BF4BB /* MGWUBackgroundDark-Portrait@2x~iphone.png */,
				F1EC66CD19B23D58000BF4BB /* MGWUBackgroundDark-Portrait~ipad.png */,
				F1EC66CE19B23D58000BF4BB /* MGWUBackgroundDark-Portrait~iphone.png */,
				F1EC66CF19B23D58000BF4BB /* MGWUClose.png */,
				F1EC66D019B23D58000BF4BB /* MGWUClose@2x.png */,
				F1EC66D119B23D58000BF4BB /* MGWUFacebookLoginLandscape.nib */,
				F1EC66D219B23D58000BF4BB /* MGWUFacebookLoginLandscapeDark.nib */,
				F1EC66D319B23D58000BF4BB /* MGWUFacebookLoginPortrait.nib */,
				F1EC66D419B23D58000BF4BB /* MGWUFacebookLoginPortraitDark.nib */,
				F1EC66D519B23D58000BF4BB /* mgwuLogo.png */,
				F1EC66D619B23D58000BF4BB /* mgwuLogo@2x.png */,
				F1EC66D719B23D58000BF4BB /* mgwuLogoDark.png */,
				F1EC66D819B23D58000BF4BB /* mgwuLogoDark@2x.png */,
				F1EC66D919B23D58000BF4BB /* mgwuPlaceholderIcon.png */,
				F1EC66DA19B23D58000BF4BB /* mgwuPlaceholderIcon@2x.png */,
				F1EC66DB19B23D58000BF4BB /* mgwuPlaceholderIconDark.png */,
				F1EC66DC19B23D58000BF4BB /* mgwuPlaceholderIconDark@2x.png */,
				F1EC66DD19B23D58000BF4BB /* operator.available.png */,
				F1EC66DE19B23D58000BF4BB /* operator.connecting.png */,
				F1EC66DF19B23D58000BF4BB /* operator.unavailable.png */,
				F1EC66E019B23D58000BF4BB /* send-button-active.png */,
				F1EC66E119B23D58000BF4BB /* send-button-inactive.png */,
				F1EC66E219B23D58000BF4BB /* send-button-instate.png */,
				F1EC66E319B23D58000BF4BB /* send-field-landscape.png */,
			);
			path = Resources;
			sourceTree = "<group>";
		};
/* End PBXGroup section */

/* Begin PBXNativeTarget section */
		B77F1B2D17B978D7009739AE /* Assimilators */ = {
			isa = PBXNativeTarget;
			buildConfigurationList = B77F1CDE17B978D8009739AE /* Build configuration list for PBXNativeTarget "Assimilators" */;
			buildPhases = (
				D2E0167A18D782EC00927430 /* Run Script */,
				B77F1B2A17B978D7009739AE /* Sources */,
				B77F1B2B17B978D7009739AE /* Frameworks */,
				B77F1B2C17B978D7009739AE /* Resources */,
			);
			buildRules = (
			);
			dependencies = (
				B7378989180764180076A88C /* PBXTargetDependency */,
			);
			name = Assimilators;
			productName = Example;
			productReference = B77F1B2E17B978D7009739AE /* Assimilators.app */;
			productType = "com.apple.product-type.application";
		};
/* End PBXNativeTarget section */

/* Begin PBXProject section */
		B77F1B2617B978D7009739AE /* Project object */ = {
			isa = PBXProject;
			attributes = {
				LastUpgradeCheck = 0460;
				ORGANIZATIONNAME = Apportable;
				TargetAttributes = {
					B77F1B2D17B978D7009739AE = {
						DevelopmentTeam = SBVP8ED765;
						SystemCapabilities = {
							com.apple.GameCenter = {
								enabled = 0;
							};
						};
					};
				};
			};
			buildConfigurationList = B77F1B2917B978D7009739AE /* Build configuration list for PBXProject "Assimilators" */;
			compatibilityVersion = "Xcode 3.2";
			developmentRegion = English;
			hasScannedForEncodings = 0;
			knownRegions = (
				en,
			);
			mainGroup = B77F1B2517B978D7009739AE;
			productRefGroup = B77F1B2F17B978D7009739AE /* Products */;
			projectDirPath = "";
			projectReferences = (
				{
					ProductGroup = B7378941180761A80076A88C /* Products */;
					ProjectRef = B7378940180761A80076A88C /* cocos2d-ios.xcodeproj */;
				},
			);
			projectRoot = "";
			targets = (
				B77F1B2D17B978D7009739AE /* Assimilators */,
			);
		};
/* End PBXProject section */

/* Begin PBXReferenceProxy section */
		B737894B180761A90076A88C /* libcocos2d.a */ = {
			isa = PBXReferenceProxy;
			fileType = archive.ar;
			path = libcocos2d.a;
			remoteRef = B737894A180761A90076A88C /* PBXContainerItemProxy */;
			sourceTree = BUILT_PRODUCTS_DIR;
		};
/* End PBXReferenceProxy section */

/* Begin PBXResourcesBuildPhase section */
		B77F1B2C17B978D7009739AE /* Resources */ = {
			isa = PBXResourcesBuildPhase;
			buildActionMask = 2147483647;
			files = (
				F1EC672319B23D58000BF4BB /* operator.available.png in Resources */,
				B71F5919188484E7003F4D28 /* Settings.png in Resources */,
				F1EC674E19B4182E000BF4BB /* assimilate.mp3 in Resources */,
				F1EC672719B23D58000BF4BB /* send-button-inactive.png in Resources */,
				F1EC670119B23D58000BF4BB /* MGWUAboutFooter-Portrait@2x~ipad.png in Resources */,
				F1EC66F019B23D58000BF4BB /* FBNoThanksButtonPressed.png in Resources */,
				F1EC671819B23D58000BF4BB /* MGWUFacebookLoginLandscapeDark.nib in Resources */,
				F1EC672119B23D58000BF4BB /* mgwuPlaceholderIconDark.png in Resources */,
				F1EC670219B23D58000BF4BB /* MGWUAboutFooter-Portrait@2x~iphone.png in Resources */,
				F1EC66FE19B23D58000BF4BB /* MGWUAboutFooter-Landscape@2x~iphone.png in Resources */,
				F1EC672819B23D58000BF4BB /* send-button-instate.png in Resources */,
				F1EC671E19B23D58000BF4BB /* mgwuLogoDark@2x.png in Resources */,
				F1EC672519B23D58000BF4BB /* operator.unavailable.png in Resources */,
				F1EC671D19B23D58000BF4BB /* mgwuLogoDark.png in Resources */,
				F1EC670519B23D58000BF4BB /* MGWUBackground-Landscape@2x~ipad.png in Resources */,
				F1EC670A19B23D58000BF4BB /* MGWUBackground-Portrait@2x~iphone.png in Resources */,
				F1EC675C19B425C6000BF4BB /* clap.wav in Resources */,
				F1EC675819B423E7000BF4BB /* highscore.mp3 in Resources */,
				F1EC66FC19B23D58000BF4BB /* MGWUAboutFooter-Landscape-568h@2x~iphone.png in Resources */,
				F1EC670619B23D58000BF4BB /* MGWUBackground-Landscape@2x~iphone.png in Resources */,
				F1EC66F419B23D58000BF4BB /* hipmob.back.btn.png in Resources */,
				F1EC674619B41214000BF4BB /* break.wav in Resources */,
				F1EC66F319B23D58000BF4BB /* grey-background.png in Resources */,
				F1EC66EA19B23D58000BF4BB /* FBLoginButton.png in Resources */,
				F1EC66F219B23D58000BF4BB /* green.png in Resources */,
				F1EC670719B23D58000BF4BB /* MGWUBackground-Landscape~ipad.png in Resources */,
				B7378978180762440076A88C /* Default@2x.png in Resources */,
				F1EC66EE19B23D58000BF4BB /* FBNoThanksButton.png in Resources */,
				B71F5914188484E7003F4D28 /* iPad@2x.png in Resources */,
				F1EC66FF19B23D58000BF4BB /* MGWUAboutFooter-Landscape~ipad.png in Resources */,
				F1EC66F619B23D58000BF4BB /* hipmobsend_field.png in Resources */,
				F1EC66E819B23D58000BF4BB /* FacebookIcon.png in Resources */,
				F1EC671119B23D58000BF4BB /* MGWUBackgroundDark-Portrait@2x~ipad.png in Resources */,
				F1EC671F19B23D58000BF4BB /* mgwuPlaceholderIcon.png in Resources */,
				F1EC670B19B23D58000BF4BB /* MGWUBackground-Portrait~ipad.png in Resources */,
				F1EC66E519B23D58000BF4BB /* aqua.png in Resources */,
				F1EC671719B23D58000BF4BB /* MGWUFacebookLoginLandscape.nib in Resources */,
				B71F5913188484E7003F4D28 /* iPad.png in Resources */,
				F1EC66E919B23D58000BF4BB /* fb_connect.png in Resources */,
				F1EC66FB19B23D58000BF4BB /* mgwu-m@2x.png in Resources */,
				F1EC66FD19B23D58000BF4BB /* MGWUAboutFooter-Landscape@2x~ipad.png in Resources */,
				B71F5912188484E7003F4D28 /* iPad-old@2x.png in Resources */,
				F1EC670D19B23D58000BF4BB /* MGWUBackgroundDark-Landscape@2x~ipad.png in Resources */,
				F1EC66EF19B23D58000BF4BB /* FBNoThanksButton@2x.png in Resources */,
				F1EC671919B23D58000BF4BB /* MGWUFacebookLoginPortrait.nib in Resources */,
				F1EC670019B23D58000BF4BB /* MGWUAboutFooter-Landscape~iphone.png in Resources */,
				F1EC670419B23D58000BF4BB /* MGWUAboutFooter-Portrait~iphone.png in Resources */,
				F1EC670319B23D58000BF4BB /* MGWUAboutFooter-Portrait~ipad.png in Resources */,
				F1EC670F19B23D58000BF4BB /* MGWUBackgroundDark-Landscape~ipad.png in Resources */,
				F1EC672619B23D58000BF4BB /* send-button-active.png in Resources */,
				F1AEF74519B55A1B00197706 /* background.wav in Resources */,
				F1EC675019B418BF000BF4BB /* tap.wav in Resources */,
				B71F5916188484E7003F4D28 /* iPhone-old@2x.png in Resources */,
				F1EC671A19B23D58000BF4BB /* MGWUFacebookLoginPortraitDark.nib in Resources */,
				B737893B180761570076A88C /* Published-iOS in Resources */,
				F1EC672419B23D58000BF4BB /* operator.connecting.png in Resources */,
				F1EC66F719B23D58000BF4BB /* hipmobsend_field@2x.png in Resources */,
				F1EC66ED19B23D58000BF4BB /* FBLoginButtonPressed@2x.png in Resources */,
				F1EC66EC19B23D58000BF4BB /* FBLoginButtonPressed.png in Resources */,
				B71F591A188484E7003F4D28 /* Settings@2x.png in Resources */,
				F1EC66EB19B23D58000BF4BB /* FBLoginButton@2x.png in Resources */,
				B7378976180762440076A88C /* Default-Landscape~ipad.png in Resources */,
				F1EC66FA19B23D58000BF4BB /* mgwu-m.png in Resources */,
				F1EC66E619B23D58000BF4BB /* bluechatbubble.png in Resources */,
				F1EC672019B23D58000BF4BB /* mgwuPlaceholderIcon@2x.png in Resources */,
				F1EC671019B23D58000BF4BB /* MGWUBackgroundDark-Landscape~iphone.png in Resources */,
				F1EC66E719B23D58000BF4BB /* CrossPromoViewController.nib in Resources */,
				F1EC670C19B23D58000BF4BB /* MGWUBackground-Portrait~iphone.png in Resources */,
				B71F5915188484E7003F4D28 /* iPhone-old.png in Resources */,
				F1EC66F519B23D58000BF4BB /* hipmob.send.png in Resources */,
				F1EC671319B23D58000BF4BB /* MGWUBackgroundDark-Portrait~ipad.png in Resources */,
				F1EC670919B23D58000BF4BB /* MGWUBackground-Portrait@2x~ipad.png in Resources */,
				F1EC670819B23D58000BF4BB /* MGWUBackground-Landscape~iphone.png in Resources */,
				F1EC672219B23D58000BF4BB /* mgwuPlaceholderIconDark@2x.png in Resources */,
				B71F5917188484E7003F4D28 /* iPhone.png in Resources */,
				F1EC671419B23D58000BF4BB /* MGWUBackgroundDark-Portrait~iphone.png in Resources */,
				F1EC671B19B23D58000BF4BB /* mgwuLogo.png in Resources */,
				F1EC671C19B23D58000BF4BB /* mgwuLogo@2x.png in Resources */,
				F1EC671519B23D58000BF4BB /* MGWUClose.png in Resources */,
				F1EC66F119B23D58000BF4BB /* FBNoThanksButtonPressed@2x.png in Resources */,
				B7378975180762440076A88C /* Default-568h@2x.png in Resources */,
				F1EC671619B23D58000BF4BB /* MGWUClose@2x.png in Resources */,
				F1EC66F919B23D58000BF4BB /* mgwu-gk-notification@2x.png in Resources */,
				F1EC66F819B23D58000BF4BB /* mgwu-gk-notification.png in Resources */,
				F1EC672919B23D58000BF4BB /* send-field-landscape.png in Resources */,
				B71F5918188484E7003F4D28 /* iPhone@2x.png in Resources */,
				B7378977180762440076A88C /* Default.png in Resources */,
				F1EC670E19B23D58000BF4BB /* MGWUBackgroundDark-Landscape@2x~iphone.png in Resources */,
				F1EC671219B23D58000BF4BB /* MGWUBackgroundDark-Portrait@2x~iphone.png in Resources */,
				F1EC675219B41B3F000BF4BB /* button.wav in Resources */,
				B71F5911188484E7003F4D28 /* iPad-old.png in Resources */,
			);
			runOnlyForDeploymentPostprocessing = 0;
		};
/* End PBXResourcesBuildPhase section */

/* Begin PBXShellScriptBuildPhase section */
		D2E0167A18D782EC00927430 /* Run Script */ = {
			isa = PBXShellScriptBuildPhase;
			buildActionMask = 2147483647;
			files = (
			);
			inputPaths = (
			);
			name = "Run Script";
			outputPaths = (
			);
			runOnlyForDeploymentPostprocessing = 0;
			shellPath = /bin/sh;
			shellScript = "osascript -e 'tell application \"System Events\"' -e 'set ProcessList to name of every process' -e 'if \"SpriteBuilder\" is in ProcessList then' -e 'tell application \"SpriteBuilder\" to publish' -e 'end if' -e 'end tell'";
		};
/* End PBXShellScriptBuildPhase section */

/* Begin PBXSourcesBuildPhase section */
		B77F1B2A17B978D7009739AE /* Sources */ = {
			isa = PBXSourcesBuildPhase;
			buildActionMask = 2147483647;
			files = (
				B737893F1807617C0076A88C /* AppDelegate.m in Sources */,
				F11835D119B52F6200E0655B /* Username.m in Sources */,
				F1EC672C19B241FE000BF4BB /* Recap.m in Sources */,
				F1EC667319B14608000BF4BB /* GamePlay.m in Sources */,
				B7378994180767190076A88C /* MainScene.m in Sources */,
				B73789871807631A0076A88C /* main.m in Sources */,
				F1EC672F19B26103000BF4BB /* Leaderboard.m in Sources */,
			);
			runOnlyForDeploymentPostprocessing = 0;
		};
/* End PBXSourcesBuildPhase section */

/* Begin PBXTargetDependency section */
		B7378989180764180076A88C /* PBXTargetDependency */ = {
			isa = PBXTargetDependency;
			name = cocos2d;
			targetProxy = B7378988180764180076A88C /* PBXContainerItemProxy */;
		};
/* End PBXTargetDependency section */

/* Begin XCBuildConfiguration section */
		B77F1CDC17B978D8009739AE /* Debug */ = {
			isa = XCBuildConfiguration;
			buildSettings = {
				ARCHS = "$(ARCHS_STANDARD_32_BIT)";
				"CODE_SIGN_IDENTITY[sdk=iphoneos*]" = "iPhone Developer";
				GCC_C_LANGUAGE_STANDARD = gnu99;
				GCC_OPTIMIZATION_LEVEL = 0;
				GCC_PREPROCESSOR_DEFINITIONS = (
					DEBUG,
					"COCOS2D_DEBUG=1",
				);
				GCC_SYMBOLS_PRIVATE_EXTERN = NO;
				GCC_VERSION = com.apple.compilers.llvm.clang.1_0;
				GCC_WARN_ABOUT_RETURN_TYPE = YES;
				GCC_WARN_UNUSED_VARIABLE = YES;
				IPHONEOS_DEPLOYMENT_TARGET = 4.0;
				PROVISIONING_PROFILE = "098B0293-C31E-46A6-BA31-372DCC7A8CEA";
				SDKROOT = iphoneos;
				TARGETED_DEVICE_FAMILY = "1,2";
			};
			name = Debug;
		};
		B77F1CDD17B978D8009739AE /* Release */ = {
			isa = XCBuildConfiguration;
			buildSettings = {
				ARCHS = "$(ARCHS_STANDARD_32_BIT)";
				"CODE_SIGN_IDENTITY[sdk=iphoneos*]" = "iPhone Developer";
				GCC_C_LANGUAGE_STANDARD = gnu99;
				GCC_PREPROCESSOR_DEFINITIONS = (
					NDEBUG,
					"NS_BLOCK_ASSERTIONS=1",
				);
				GCC_VERSION = com.apple.compilers.llvm.clang.1_0;
				GCC_WARN_ABOUT_RETURN_TYPE = YES;
				GCC_WARN_UNUSED_VARIABLE = YES;
				IPHONEOS_DEPLOYMENT_TARGET = 4.0;
				PROVISIONING_PROFILE = "098B0293-C31E-46A6-BA31-372DCC7A8CEA";
				SDKROOT = iphoneos;
				TARGETED_DEVICE_FAMILY = "1,2";
			};
			name = Release;
		};
		B77F1CDF17B978D8009739AE /* Debug */ = {
			isa = XCBuildConfiguration;
			buildSettings = {
				ALWAYS_SEARCH_USER_PATHS = NO;
				ARCHS = "$(ARCHS_STANDARD)";
				CLANG_ENABLE_OBJC_ARC = YES;
				CODE_SIGN_IDENTITY = "iPhone Developer";
				"CODE_SIGN_IDENTITY[sdk=iphoneos*]" = "iPhone Developer";
				COPY_PHASE_STRIP = NO;
				FRAMEWORK_SEARCH_PATHS = (
					"$(inherited)",
					"$(PROJECT_DIR)/mgwuSDK.embeddedframework",
				);
				GCC_DYNAMIC_NO_PIC = NO;
				GCC_PRECOMPILE_PREFIX_HEADER = YES;
				GCC_PREFIX_HEADER = Source/Prefix.pch;
				HEADER_SEARCH_PATHS = (
					"\"Source/libs/cocos2d-iphone/external/kazmath/include\"/**",
					"\"Source/libs/cocos2d-iphone/cocos2d\"/**",
					"Source/libs/cocos2d-iphone/external/Chipmunk/objectivec/include",
					"Source/libs/cocos2d-iphone/external/Chipmunk/include",
					"\"Source/libs/cocos2d-iphone/cocos2d-ui\"/**",
					"\"Source/libs/cocos2d-iphone/external/ObjectAL\"/**",
				);
				INFOPLIST_FILE = Source/Resources/Info.plist;
				IPHONEOS_DEPLOYMENT_TARGET = 6.0;
				ONLY_ACTIVE_ARCH = YES;
				OTHER_LDFLAGS = (
					"-lz",
					"-lsqlite3",
					"-ObjC",
				);
				PRODUCT_NAME = Assimilators;
				PROVISIONING_PROFILE = "098B0293-C31E-46A6-BA31-372DCC7A8CEA";
				WRAPPER_EXTENSION = app;
			};
			name = Debug;
		};
		B77F1CE017B978D8009739AE /* Release */ = {
			isa = XCBuildConfiguration;
			buildSettings = {
				ALWAYS_SEARCH_USER_PATHS = NO;
				ARCHS = "$(ARCHS_STANDARD)";
				CLANG_ENABLE_OBJC_ARC = YES;
				CODE_SIGN_IDENTITY = "iPhone Developer";
				"CODE_SIGN_IDENTITY[sdk=iphoneos*]" = "iPhone Developer";
				COPY_PHASE_STRIP = YES;
				FRAMEWORK_SEARCH_PATHS = (
					"$(inherited)",
					"$(PROJECT_DIR)/mgwuSDK.embeddedframework",
				);
				GCC_PRECOMPILE_PREFIX_HEADER = YES;
				GCC_PREFIX_HEADER = Source/Prefix.pch;
				HEADER_SEARCH_PATHS = (
					"\"Source/libs/cocos2d-iphone/external/kazmath/include\"/**",
					"\"Source/libs/cocos2d-iphone/cocos2d\"/**",
					"Source/libs/cocos2d-iphone/external/Chipmunk/objectivec/include",
					"Source/libs/cocos2d-iphone/external/Chipmunk/include",
					"\"Source/libs/cocos2d-iphone/cocos2d-ui\"/**",
					"\"Source/libs/cocos2d-iphone/external/ObjectAL\"/**",
				);
				INFOPLIST_FILE = Source/Resources/Info.plist;
				IPHONEOS_DEPLOYMENT_TARGET = 6.0;
				OTHER_LDFLAGS = (
					"-lz",
					"-lsqlite3",
					"-ObjC",
				);
				PRODUCT_NAME = Assimilators;
				PROVISIONING_PROFILE = "098B0293-C31E-46A6-BA31-372DCC7A8CEA";
				VALIDATE_PRODUCT = YES;
				WRAPPER_EXTENSION = app;
			};
			name = Release;
		};
/* End XCBuildConfiguration section */

/* Begin XCConfigurationList section */
		B77F1B2917B978D7009739AE /* Build configuration list for PBXProject "Assimilators" */ = {
			isa = XCConfigurationList;
			buildConfigurations = (
				B77F1CDC17B978D8009739AE /* Debug */,
				B77F1CDD17B978D8009739AE /* Release */,
			);
			defaultConfigurationIsVisible = 0;
			defaultConfigurationName = Release;
		};
		B77F1CDE17B978D8009739AE /* Build configuration list for PBXNativeTarget "Assimilators" */ = {
			isa = XCConfigurationList;
			buildConfigurations = (
				B77F1CDF17B978D8009739AE /* Debug */,
				B77F1CE017B978D8009739AE /* Release */,
			);
			defaultConfigurationIsVisible = 0;
			defaultConfigurationName = Release;
		};
/* End XCConfigurationList section */
	};
	rootObject = B77F1B2617B978D7009739AE /* Project object */;
}
